// !$*UTF8*$!
{
	archiveVersion = 1;
	classes = {
	};
	objectVersion = 55;
	objects = {

/* Begin PBXBuildFile section */
		1D7EF9212FD0907B360F7D34 /* Pods_nativeMqtt.framework in Frameworks */ = {isa = PBXBuildFile; fileRef = 84FFE75A1D29B6AEF3C7069A /* Pods_nativeMqtt.framework */; };
		631377B1D3D34448A5FFE3CF /* Pods_nativeMqttTests.framework in Frameworks */ = {isa = PBXBuildFile; fileRef = 806CFD1E968F9AB525CA4072 /* Pods_nativeMqttTests.framework */; };
		A849030327E2E0B9000B50D3 /* HomeView.swift in Sources */ = {isa = PBXBuildFile; fileRef = A849030227E2E0B9000B50D3 /* HomeView.swift */; };
		A849030527E2E0C9000B50D3 /* HomeViewModel.swift in Sources */ = {isa = PBXBuildFile; fileRef = A849030427E2E0C9000B50D3 /* HomeViewModel.swift */; };
		A85215B727D9D58500A3D6AD /* MqttManager.swift in Sources */ = {isa = PBXBuildFile; fileRef = A85215B627D9D58500A3D6AD /* MqttManager.swift */; };
		A85215B927D9F82500A3D6AD /* keystore.p12 in Resources */ = {isa = PBXBuildFile; fileRef = A85215B827D9F82500A3D6AD /* keystore.p12 */; };
		A8B785B127D8DF4000EFFAB6 /* nativeMqttApp.swift in Sources */ = {isa = PBXBuildFile; fileRef = A8B785B027D8DF4000EFFAB6 /* nativeMqttApp.swift */; };
		A8B785B327D8DF4000EFFAB6 /* ContentView.swift in Sources */ = {isa = PBXBuildFile; fileRef = A8B785B227D8DF4000EFFAB6 /* ContentView.swift */; };
		A8B785B527D8DF4E00EFFAB6 /* Assets.xcassets in Resources */ = {isa = PBXBuildFile; fileRef = A8B785B427D8DF4E00EFFAB6 /* Assets.xcassets */; };
		A8B785B827D8DF4E00EFFAB6 /* Preview Assets.xcassets in Resources */ = {isa = PBXBuildFile; fileRef = A8B785B727D8DF4E00EFFAB6 /* Preview Assets.xcassets */; };
		A8B785C227D8DF4F00EFFAB6 /* nativeMqttTests.swift in Sources */ = {isa = PBXBuildFile; fileRef = A8B785C127D8DF4F00EFFAB6 /* nativeMqttTests.swift */; };
		A8B785CC27D8DF4F00EFFAB6 /* nativeMqttUITests.swift in Sources */ = {isa = PBXBuildFile; fileRef = A8B785CB27D8DF4F00EFFAB6 /* nativeMqttUITests.swift */; };
		A8B785CE27D8DF4F00EFFAB6 /* nativeMqttUITestsLaunchTests.swift in Sources */ = {isa = PBXBuildFile; fileRef = A8B785CD27D8DF4F00EFFAB6 /* nativeMqttUITestsLaunchTests.swift */; };
		D134916DB82E243D5C27D9A5 /* Pods_nativeMqtt_nativeMqttUITests.framework in Frameworks */ = {isa = PBXBuildFile; fileRef = F2CDE5B8C85C47F97BC6D881 /* Pods_nativeMqtt_nativeMqttUITests.framework */; };
/* End PBXBuildFile section */

/* Begin PBXContainerItemProxy section */
		A8B785BE27D8DF4F00EFFAB6 /* PBXContainerItemProxy */ = {
			isa = PBXContainerItemProxy;
			containerPortal = A8B785A527D8DF4000EFFAB6 /* Project object */;
			proxyType = 1;
			remoteGlobalIDString = A8B785AC27D8DF4000EFFAB6;
			remoteInfo = nativeMqtt;
		};
		A8B785C827D8DF4F00EFFAB6 /* PBXContainerItemProxy */ = {
			isa = PBXContainerItemProxy;
			containerPortal = A8B785A527D8DF4000EFFAB6 /* Project object */;
			proxyType = 1;
			remoteGlobalIDString = A8B785AC27D8DF4000EFFAB6;
			remoteInfo = nativeMqtt;
		};
/* End PBXContainerItemProxy section */

/* Begin PBXFileReference section */
		7EA9B59984190D61ACE5BDE5 /* Pods-nativeMqtt-nativeMqttUITests.debug.xcconfig */ = {isa = PBXFileReference; includeInIndex = 1; lastKnownFileType = text.xcconfig; name = "Pods-nativeMqtt-nativeMqttUITests.debug.xcconfig"; path = "Target Support Files/Pods-nativeMqtt-nativeMqttUITests/Pods-nativeMqtt-nativeMqttUITests.debug.xcconfig"; sourceTree = "<group>"; };
		806CFD1E968F9AB525CA4072 /* Pods_nativeMqttTests.framework */ = {isa = PBXFileReference; explicitFileType = wrapper.framework; includeInIndex = 0; path = Pods_nativeMqttTests.framework; sourceTree = BUILT_PRODUCTS_DIR; };
		84FFE75A1D29B6AEF3C7069A /* Pods_nativeMqtt.framework */ = {isa = PBXFileReference; explicitFileType = wrapper.framework; includeInIndex = 0; path = Pods_nativeMqtt.framework; sourceTree = BUILT_PRODUCTS_DIR; };
		93AB16BB4991D9951A0F148D /* Pods-nativeMqtt-nativeMqttUITests.release.xcconfig */ = {isa = PBXFileReference; includeInIndex = 1; lastKnownFileType = text.xcconfig; name = "Pods-nativeMqtt-nativeMqttUITests.release.xcconfig"; path = "Target Support Files/Pods-nativeMqtt-nativeMqttUITests/Pods-nativeMqtt-nativeMqttUITests.release.xcconfig"; sourceTree = "<group>"; };
		9681B193B904E1368BCAAFBD /* Pods-nativeMqtt.debug.xcconfig */ = {isa = PBXFileReference; includeInIndex = 1; lastKnownFileType = text.xcconfig; name = "Pods-nativeMqtt.debug.xcconfig"; path = "Target Support Files/Pods-nativeMqtt/Pods-nativeMqtt.debug.xcconfig"; sourceTree = "<group>"; };
		A849030227E2E0B9000B50D3 /* HomeView.swift */ = {isa = PBXFileReference; lastKnownFileType = sourcecode.swift; path = HomeView.swift; sourceTree = "<group>"; };
		A849030427E2E0C9000B50D3 /* HomeViewModel.swift */ = {isa = PBXFileReference; lastKnownFileType = sourcecode.swift; path = HomeViewModel.swift; sourceTree = "<group>"; };
		A85215B627D9D58500A3D6AD /* MqttManager.swift */ = {isa = PBXFileReference; lastKnownFileType = sourcecode.swift; path = MqttManager.swift; sourceTree = "<group>"; };
		A85215B827D9F82500A3D6AD /* keystore.p12 */ = {isa = PBXFileReference; lastKnownFileType = file; path = keystore.p12; sourceTree = "<group>"; };
		A8B785AD27D8DF4000EFFAB6 /* nativeMqtt.app */ = {isa = PBXFileReference; explicitFileType = wrapper.application; includeInIndex = 0; path = nativeMqtt.app; sourceTree = BUILT_PRODUCTS_DIR; };
		A8B785B027D8DF4000EFFAB6 /* nativeMqttApp.swift */ = {isa = PBXFileReference; lastKnownFileType = sourcecode.swift; path = nativeMqttApp.swift; sourceTree = "<group>"; };
		A8B785B227D8DF4000EFFAB6 /* ContentView.swift */ = {isa = PBXFileReference; lastKnownFileType = sourcecode.swift; path = ContentView.swift; sourceTree = "<group>"; };
		A8B785B427D8DF4E00EFFAB6 /* Assets.xcassets */ = {isa = PBXFileReference; lastKnownFileType = folder.assetcatalog; path = Assets.xcassets; sourceTree = "<group>"; };
		A8B785B727D8DF4E00EFFAB6 /* Preview Assets.xcassets */ = {isa = PBXFileReference; lastKnownFileType = folder.assetcatalog; path = "Preview Assets.xcassets"; sourceTree = "<group>"; };
		A8B785BD27D8DF4F00EFFAB6 /* nativeMqttTests.xctest */ = {isa = PBXFileReference; explicitFileType = wrapper.cfbundle; includeInIndex = 0; path = nativeMqttTests.xctest; sourceTree = BUILT_PRODUCTS_DIR; };
		A8B785C127D8DF4F00EFFAB6 /* nativeMqttTests.swift */ = {isa = PBXFileReference; lastKnownFileType = sourcecode.swift; path = nativeMqttTests.swift; sourceTree = "<group>"; };
		A8B785C727D8DF4F00EFFAB6 /* nativeMqttUITests.xctest */ = {isa = PBXFileReference; explicitFileType = wrapper.cfbundle; includeInIndex = 0; path = nativeMqttUITests.xctest; sourceTree = BUILT_PRODUCTS_DIR; };
		A8B785CB27D8DF4F00EFFAB6 /* nativeMqttUITests.swift */ = {isa = PBXFileReference; lastKnownFileType = sourcecode.swift; path = nativeMqttUITests.swift; sourceTree = "<group>"; };
		A8B785CD27D8DF4F00EFFAB6 /* nativeMqttUITestsLaunchTests.swift */ = {isa = PBXFileReference; lastKnownFileType = sourcecode.swift; path = nativeMqttUITestsLaunchTests.swift; sourceTree = "<group>"; };
		EC362BC5ED43BD8ADC91F20A /* Pods-nativeMqttTests.debug.xcconfig */ = {isa = PBXFileReference; includeInIndex = 1; lastKnownFileType = text.xcconfig; name = "Pods-nativeMqttTests.debug.xcconfig"; path = "Target Support Files/Pods-nativeMqttTests/Pods-nativeMqttTests.debug.xcconfig"; sourceTree = "<group>"; };
		F2CDE5B8C85C47F97BC6D881 /* Pods_nativeMqtt_nativeMqttUITests.framework */ = {isa = PBXFileReference; explicitFileType = wrapper.framework; includeInIndex = 0; path = Pods_nativeMqtt_nativeMqttUITests.framework; sourceTree = BUILT_PRODUCTS_DIR; };
		F3DFE54A11667971ACB23E91 /* Pods-nativeMqttTests.release.xcconfig */ = {isa = PBXFileReference; includeInIndex = 1; lastKnownFileType = text.xcconfig; name = "Pods-nativeMqttTests.release.xcconfig"; path = "Target Support Files/Pods-nativeMqttTests/Pods-nativeMqttTests.release.xcconfig"; sourceTree = "<group>"; };
		F4E59F8D3DE505F8FFAA5DFF /* Pods-nativeMqtt.release.xcconfig */ = {isa = PBXFileReference; includeInIndex = 1; lastKnownFileType = text.xcconfig; name = "Pods-nativeMqtt.release.xcconfig"; path = "Target Support Files/Pods-nativeMqtt/Pods-nativeMqtt.release.xcconfig"; sourceTree = "<group>"; };
/* End PBXFileReference section */

/* Begin PBXFrameworksBuildPhase section */
		A8B785AA27D8DF4000EFFAB6 /* Frameworks */ = {
			isa = PBXFrameworksBuildPhase;
			buildActionMask = 2147483647;
			files = (
				1D7EF9212FD0907B360F7D34 /* Pods_nativeMqtt.framework in Frameworks */,
			);
			runOnlyForDeploymentPostprocessing = 0;
		};
		A8B785BA27D8DF4F00EFFAB6 /* Frameworks */ = {
			isa = PBXFrameworksBuildPhase;
			buildActionMask = 2147483647;
			files = (
				631377B1D3D34448A5FFE3CF /* Pods_nativeMqttTests.framework in Frameworks */,
			);
			runOnlyForDeploymentPostprocessing = 0;
		};
		A8B785C427D8DF4F00EFFAB6 /* Frameworks */ = {
			isa = PBXFrameworksBuildPhase;
			buildActionMask = 2147483647;
			files = (
				D134916DB82E243D5C27D9A5 /* Pods_nativeMqtt_nativeMqttUITests.framework in Frameworks */,
			);
			runOnlyForDeploymentPostprocessing = 0;
		};
/* End PBXFrameworksBuildPhase section */

/* Begin PBXGroup section */
		9F438DD9C9952FB30B80232F /* Pods */ = {
			isa = PBXGroup;
			children = (
				9681B193B904E1368BCAAFBD /* Pods-nativeMqtt.debug.xcconfig */,
				F4E59F8D3DE505F8FFAA5DFF /* Pods-nativeMqtt.release.xcconfig */,
				7EA9B59984190D61ACE5BDE5 /* Pods-nativeMqtt-nativeMqttUITests.debug.xcconfig */,
				93AB16BB4991D9951A0F148D /* Pods-nativeMqtt-nativeMqttUITests.release.xcconfig */,
				EC362BC5ED43BD8ADC91F20A /* Pods-nativeMqttTests.debug.xcconfig */,
				F3DFE54A11667971ACB23E91 /* Pods-nativeMqttTests.release.xcconfig */,
			);
			path = Pods;
			sourceTree = "<group>";
		};
		A8B785A427D8DF4000EFFAB6 = {
			isa = PBXGroup;
			children = (
				A8B785AF27D8DF4000EFFAB6 /* nativeMqtt */,
				A8B785C027D8DF4F00EFFAB6 /* nativeMqttTests */,
				A8B785CA27D8DF4F00EFFAB6 /* nativeMqttUITests */,
				A8B785AE27D8DF4000EFFAB6 /* Products */,
				9F438DD9C9952FB30B80232F /* Pods */,
				FEAC1E232AC238D7A423CA12 /* Frameworks */,
			);
			sourceTree = "<group>";
		};
		A8B785AE27D8DF4000EFFAB6 /* Products */ = {
			isa = PBXGroup;
			children = (
				A8B785AD27D8DF4000EFFAB6 /* nativeMqtt.app */,
				A8B785BD27D8DF4F00EFFAB6 /* nativeMqttTests.xctest */,
				A8B785C727D8DF4F00EFFAB6 /* nativeMqttUITests.xctest */,
			);
			name = Products;
			sourceTree = "<group>";
		};
		A8B785AF27D8DF4000EFFAB6 /* nativeMqtt */ = {
			isa = PBXGroup;
			children = (
				A85215B827D9F82500A3D6AD /* keystore.p12 */,
				A8B785B027D8DF4000EFFAB6 /* nativeMqttApp.swift */,
				A8B785B227D8DF4000EFFAB6 /* ContentView.swift */,
				A8B785B427D8DF4E00EFFAB6 /* Assets.xcassets */,
				A8B785B627D8DF4E00EFFAB6 /* Preview Content */,
				A85215B627D9D58500A3D6AD /* MqttManager.swift */,
				A849030227E2E0B9000B50D3 /* HomeView.swift */,
				A849030427E2E0C9000B50D3 /* HomeViewModel.swift */,
			);
			path = nativeMqtt;
			sourceTree = "<group>";
		};
		A8B785B627D8DF4E00EFFAB6 /* Preview Content */ = {
			isa = PBXGroup;
			children = (
				A8B785B727D8DF4E00EFFAB6 /* Preview Assets.xcassets */,
			);
			path = "Preview Content";
			sourceTree = "<group>";
		};
		A8B785C027D8DF4F00EFFAB6 /* nativeMqttTests */ = {
			isa = PBXGroup;
			children = (
				A8B785C127D8DF4F00EFFAB6 /* nativeMqttTests.swift */,
			);
			path = nativeMqttTests;
			sourceTree = "<group>";
		};
		A8B785CA27D8DF4F00EFFAB6 /* nativeMqttUITests */ = {
			isa = PBXGroup;
			children = (
				A8B785CB27D8DF4F00EFFAB6 /* nativeMqttUITests.swift */,
				A8B785CD27D8DF4F00EFFAB6 /* nativeMqttUITestsLaunchTests.swift */,
			);
			path = nativeMqttUITests;
			sourceTree = "<group>";
		};
		FEAC1E232AC238D7A423CA12 /* Frameworks */ = {
			isa = PBXGroup;
			children = (
				84FFE75A1D29B6AEF3C7069A /* Pods_nativeMqtt.framework */,
				F2CDE5B8C85C47F97BC6D881 /* Pods_nativeMqtt_nativeMqttUITests.framework */,
				806CFD1E968F9AB525CA4072 /* Pods_nativeMqttTests.framework */,
			);
			name = Frameworks;
			sourceTree = "<group>";
		};
/* End PBXGroup section */

/* Begin PBXNativeTarget section */
		A8B785AC27D8DF4000EFFAB6 /* nativeMqtt */ = {
			isa = PBXNativeTarget;
			buildConfigurationList = A8B785D127D8DF4F00EFFAB6 /* Build configuration list for PBXNativeTarget "nativeMqtt" */;
			buildPhases = (
				7B16D0E9D0F2E737EC8C2AE8 /* [CP] Check Pods Manifest.lock */,
				A8B785A927D8DF4000EFFAB6 /* Sources */,
				A8B785AA27D8DF4000EFFAB6 /* Frameworks */,
				A8B785AB27D8DF4000EFFAB6 /* Resources */,
				AE6442622626246116EFC813 /* [CP] Embed Pods Frameworks */,
			);
			buildRules = (
			);
			dependencies = (
			);
			name = nativeMqtt;
			productName = nativeMqtt;
			productReference = A8B785AD27D8DF4000EFFAB6 /* nativeMqtt.app */;
			productType = "com.apple.product-type.application";
		};
		A8B785BC27D8DF4F00EFFAB6 /* nativeMqttTests */ = {
			isa = PBXNativeTarget;
			buildConfigurationList = A8B785D427D8DF4F00EFFAB6 /* Build configuration list for PBXNativeTarget "nativeMqttTests" */;
			buildPhases = (
				D2C65061AD02FD64C53BFA34 /* [CP] Check Pods Manifest.lock */,
				A8B785B927D8DF4F00EFFAB6 /* Sources */,
				A8B785BA27D8DF4F00EFFAB6 /* Frameworks */,
				A8B785BB27D8DF4F00EFFAB6 /* Resources */,
			);
			buildRules = (
			);
			dependencies = (
				A8B785BF27D8DF4F00EFFAB6 /* PBXTargetDependency */,
			);
			name = nativeMqttTests;
			productName = nativeMqttTests;
			productReference = A8B785BD27D8DF4F00EFFAB6 /* nativeMqttTests.xctest */;
			productType = "com.apple.product-type.bundle.unit-test";
		};
		A8B785C627D8DF4F00EFFAB6 /* nativeMqttUITests */ = {
			isa = PBXNativeTarget;
			buildConfigurationList = A8B785D727D8DF4F00EFFAB6 /* Build configuration list for PBXNativeTarget "nativeMqttUITests" */;
			buildPhases = (
				6104036C8BD8CEB0E084AA12 /* [CP] Check Pods Manifest.lock */,
				A8B785C327D8DF4F00EFFAB6 /* Sources */,
				A8B785C427D8DF4F00EFFAB6 /* Frameworks */,
				A8B785C527D8DF4F00EFFAB6 /* Resources */,
				C19744C27AED69BACF918AC3 /* [CP] Embed Pods Frameworks */,
			);
			buildRules = (
			);
			dependencies = (
				A8B785C927D8DF4F00EFFAB6 /* PBXTargetDependency */,
			);
			name = nativeMqttUITests;
			productName = nativeMqttUITests;
			productReference = A8B785C727D8DF4F00EFFAB6 /* nativeMqttUITests.xctest */;
			productType = "com.apple.product-type.bundle.ui-testing";
		};
/* End PBXNativeTarget section */

/* Begin PBXProject section */
		A8B785A527D8DF4000EFFAB6 /* Project object */ = {
			isa = PBXProject;
			attributes = {
				BuildIndependentTargetsInParallel = 1;
				LastSwiftUpdateCheck = 1310;
				LastUpgradeCheck = 1310;
				TargetAttributes = {
					A8B785AC27D8DF4000EFFAB6 = {
						CreatedOnToolsVersion = 13.1;
					};
					A8B785BC27D8DF4F00EFFAB6 = {
						CreatedOnToolsVersion = 13.1;
						TestTargetID = A8B785AC27D8DF4000EFFAB6;
					};
					A8B785C627D8DF4F00EFFAB6 = {
						CreatedOnToolsVersion = 13.1;
						TestTargetID = A8B785AC27D8DF4000EFFAB6;
					};
				};
			};
			buildConfigurationList = A8B785A827D8DF4000EFFAB6 /* Build configuration list for PBXProject "nativeMqtt" */;
			compatibilityVersion = "Xcode 13.0";
			developmentRegion = en;
			hasScannedForEncodings = 0;
			knownRegions = (
				en,
				Base,
			);
			mainGroup = A8B785A427D8DF4000EFFAB6;
			productRefGroup = A8B785AE27D8DF4000EFFAB6 /* Products */;
			projectDirPath = "";
			projectRoot = "";
			targets = (
				A8B785AC27D8DF4000EFFAB6 /* nativeMqtt */,
				A8B785BC27D8DF4F00EFFAB6 /* nativeMqttTests */,
				A8B785C627D8DF4F00EFFAB6 /* nativeMqttUITests */,
			);
		};
/* End PBXProject section */

/* Begin PBXResourcesBuildPhase section */
		A8B785AB27D8DF4000EFFAB6 /* Resources */ = {
			isa = PBXResourcesBuildPhase;
			buildActionMask = 2147483647;
			files = (
				A85215B927D9F82500A3D6AD /* keystore.p12 in Resources */,
				A8B785B827D8DF4E00EFFAB6 /* Preview Assets.xcassets in Resources */,
				A8B785B527D8DF4E00EFFAB6 /* Assets.xcassets in Resources */,
			);
			runOnlyForDeploymentPostprocessing = 0;
		};
		A8B785BB27D8DF4F00EFFAB6 /* Resources */ = {
			isa = PBXResourcesBuildPhase;
			buildActionMask = 2147483647;
			files = (
			);
			runOnlyForDeploymentPostprocessing = 0;
		};
		A8B785C527D8DF4F00EFFAB6 /* Resources */ = {
			isa = PBXResourcesBuildPhase;
			buildActionMask = 2147483647;
			files = (
			);
			runOnlyForDeploymentPostprocessing = 0;
		};
/* End PBXResourcesBuildPhase section */

/* Begin PBXShellScriptBuildPhase section */
		6104036C8BD8CEB0E084AA12 /* [CP] Check Pods Manifest.lock */ = {
			isa = PBXShellScriptBuildPhase;
			buildActionMask = 2147483647;
			files = (
			);
			inputFileListPaths = (
			);
			inputPaths = (
				"${PODS_PODFILE_DIR_PATH}/Podfile.lock",
				"${PODS_ROOT}/Manifest.lock",
			);
			name = "[CP] Check Pods Manifest.lock";
			outputFileListPaths = (
			);
			outputPaths = (
				"$(DERIVED_FILE_DIR)/Pods-nativeMqtt-nativeMqttUITests-checkManifestLockResult.txt",
			);
			runOnlyForDeploymentPostprocessing = 0;
			shellPath = /bin/sh;
			shellScript = "diff \"${PODS_PODFILE_DIR_PATH}/Podfile.lock\" \"${PODS_ROOT}/Manifest.lock\" > /dev/null\nif [ $? != 0 ] ; then\n    # print error to STDERR\n    echo \"error: The sandbox is not in sync with the Podfile.lock. Run 'pod install' or update your CocoaPods installation.\" >&2\n    exit 1\nfi\n# This output is used by Xcode 'outputs' to avoid re-running this script phase.\necho \"SUCCESS\" > \"${SCRIPT_OUTPUT_FILE_0}\"\n";
			showEnvVarsInLog = 0;
		};
		7B16D0E9D0F2E737EC8C2AE8 /* [CP] Check Pods Manifest.lock */ = {
			isa = PBXShellScriptBuildPhase;
			buildActionMask = 2147483647;
			files = (
			);
			inputFileListPaths = (
			);
			inputPaths = (
				"${PODS_PODFILE_DIR_PATH}/Podfile.lock",
				"${PODS_ROOT}/Manifest.lock",
			);
			name = "[CP] Check Pods Manifest.lock";
			outputFileListPaths = (
			);
			outputPaths = (
				"$(DERIVED_FILE_DIR)/Pods-nativeMqtt-checkManifestLockResult.txt",
			);
			runOnlyForDeploymentPostprocessing = 0;
			shellPath = /bin/sh;
			shellScript = "diff \"${PODS_PODFILE_DIR_PATH}/Podfile.lock\" \"${PODS_ROOT}/Manifest.lock\" > /dev/null\nif [ $? != 0 ] ; then\n    # print error to STDERR\n    echo \"error: The sandbox is not in sync with the Podfile.lock. Run 'pod install' or update your CocoaPods installation.\" >&2\n    exit 1\nfi\n# This output is used by Xcode 'outputs' to avoid re-running this script phase.\necho \"SUCCESS\" > \"${SCRIPT_OUTPUT_FILE_0}\"\n";
			showEnvVarsInLog = 0;
		};
		AE6442622626246116EFC813 /* [CP] Embed Pods Frameworks */ = {
			isa = PBXShellScriptBuildPhase;
			buildActionMask = 2147483647;
			files = (
			);
			inputFileListPaths = (
				"${PODS_ROOT}/Target Support Files/Pods-nativeMqtt/Pods-nativeMqtt-frameworks-${CONFIGURATION}-input-files.xcfilelist",
			);
			name = "[CP] Embed Pods Frameworks";
			outputFileListPaths = (
				"${PODS_ROOT}/Target Support Files/Pods-nativeMqtt/Pods-nativeMqtt-frameworks-${CONFIGURATION}-output-files.xcfilelist",
			);
			runOnlyForDeploymentPostprocessing = 0;
			shellPath = /bin/sh;
			shellScript = "\"${PODS_ROOT}/Target Support Files/Pods-nativeMqtt/Pods-nativeMqtt-frameworks.sh\"\n";
			showEnvVarsInLog = 0;
		};
		C19744C27AED69BACF918AC3 /* [CP] Embed Pods Frameworks */ = {
			isa = PBXShellScriptBuildPhase;
			buildActionMask = 2147483647;
			files = (
			);
			inputFileListPaths = (
				"${PODS_ROOT}/Target Support Files/Pods-nativeMqtt-nativeMqttUITests/Pods-nativeMqtt-nativeMqttUITests-frameworks-${CONFIGURATION}-input-files.xcfilelist",
			);
			name = "[CP] Embed Pods Frameworks";
			outputFileListPaths = (
				"${PODS_ROOT}/Target Support Files/Pods-nativeMqtt-nativeMqttUITests/Pods-nativeMqtt-nativeMqttUITests-frameworks-${CONFIGURATION}-output-files.xcfilelist",
			);
			runOnlyForDeploymentPostprocessing = 0;
			shellPath = /bin/sh;
			shellScript = "\"${PODS_ROOT}/Target Support Files/Pods-nativeMqtt-nativeMqttUITests/Pods-nativeMqtt-nativeMqttUITests-frameworks.sh\"\n";
			showEnvVarsInLog = 0;
		};
		D2C65061AD02FD64C53BFA34 /* [CP] Check Pods Manifest.lock */ = {
			isa = PBXShellScriptBuildPhase;
			buildActionMask = 2147483647;
			files = (
			);
			inputFileListPaths = (
			);
			inputPaths = (
				"${PODS_PODFILE_DIR_PATH}/Podfile.lock",
				"${PODS_ROOT}/Manifest.lock",
			);
			name = "[CP] Check Pods Manifest.lock";
			outputFileListPaths = (
			);
			outputPaths = (
				"$(DERIVED_FILE_DIR)/Pods-nativeMqttTests-checkManifestLockResult.txt",
			);
			runOnlyForDeploymentPostprocessing = 0;
			shellPath = /bin/sh;
			shellScript = "diff \"${PODS_PODFILE_DIR_PATH}/Podfile.lock\" \"${PODS_ROOT}/Manifest.lock\" > /dev/null\nif [ $? != 0 ] ; then\n    # print error to STDERR\n    echo \"error: The sandbox is not in sync with the Podfile.lock. Run 'pod install' or update your CocoaPods installation.\" >&2\n    exit 1\nfi\n# This output is used by Xcode 'outputs' to avoid re-running this script phase.\necho \"SUCCESS\" > \"${SCRIPT_OUTPUT_FILE_0}\"\n";
			showEnvVarsInLog = 0;
		};
/* End PBXShellScriptBuildPhase section */

/* Begin PBXSourcesBuildPhase section */
		A8B785A927D8DF4000EFFAB6 /* Sources */ = {
			isa = PBXSourcesBuildPhase;
			buildActionMask = 2147483647;
			files = (
				A8B785B327D8DF4000EFFAB6 /* ContentView.swift in Sources */,
				A849030327E2E0B9000B50D3 /* HomeView.swift in Sources */,
				A85215B727D9D58500A3D6AD /* MqttManager.swift in Sources */,
				A849030527E2E0C9000B50D3 /* HomeViewModel.swift in Sources */,
				A8B785B127D8DF4000EFFAB6 /* nativeMqttApp.swift in Sources */,
			);
			runOnlyForDeploymentPostprocessing = 0;
		};
		A8B785B927D8DF4F00EFFAB6 /* Sources */ = {
			isa = PBXSourcesBuildPhase;
			buildActionMask = 2147483647;
			files = (
				A8B785C227D8DF4F00EFFAB6 /* nativeMqttTests.swift in Sources */,
			);
			runOnlyForDeploymentPostprocessing = 0;
		};
		A8B785C327D8DF4F00EFFAB6 /* Sources */ = {
			isa = PBXSourcesBuildPhase;
			buildActionMask = 2147483647;
			files = (
				A8B785CC27D8DF4F00EFFAB6 /* nativeMqttUITests.swift in Sources */,
				A8B785CE27D8DF4F00EFFAB6 /* nativeMqttUITestsLaunchTests.swift in Sources */,
			);
			runOnlyForDeploymentPostprocessing = 0;
		};
/* End PBXSourcesBuildPhase section */

/* Begin PBXTargetDependency section */
		A8B785BF27D8DF4F00EFFAB6 /* PBXTargetDependency */ = {
			isa = PBXTargetDependency;
			target = A8B785AC27D8DF4000EFFAB6 /* nativeMqtt */;
			targetProxy = A8B785BE27D8DF4F00EFFAB6 /* PBXContainerItemProxy */;
		};
		A8B785C927D8DF4F00EFFAB6 /* PBXTargetDependency */ = {
			isa = PBXTargetDependency;
			target = A8B785AC27D8DF4000EFFAB6 /* nativeMqtt */;
			targetProxy = A8B785C827D8DF4F00EFFAB6 /* PBXContainerItemProxy */;
		};
/* End PBXTargetDependency section */

/* Begin XCBuildConfiguration section */
		A8B785CF27D8DF4F00EFFAB6 /* Debug */ = {
			isa = XCBuildConfiguration;
			buildSettings = {
				ALWAYS_SEARCH_USER_PATHS = NO;
				CLANG_ANALYZER_NONNULL = YES;
				CLANG_ANALYZER_NUMBER_OBJECT_CONVERSION = YES_AGGRESSIVE;
				CLANG_CXX_LANGUAGE_STANDARD = "gnu++17";
				CLANG_CXX_LIBRARY = "libc++";
				CLANG_ENABLE_MODULES = YES;
				CLANG_ENABLE_OBJC_ARC = YES;
				CLANG_ENABLE_OBJC_WEAK = YES;
				CLANG_WARN_BLOCK_CAPTURE_AUTORELEASING = YES;
				CLANG_WARN_BOOL_CONVERSION = YES;
				CLANG_WARN_COMMA = YES;
				CLANG_WARN_CONSTANT_CONVERSION = YES;
				CLANG_WARN_DEPRECATED_OBJC_IMPLEMENTATIONS = YES;
				CLANG_WARN_DIRECT_OBJC_ISA_USAGE = YES_ERROR;
				CLANG_WARN_DOCUMENTATION_COMMENTS = YES;
				CLANG_WARN_EMPTY_BODY = YES;
				CLANG_WARN_ENUM_CONVERSION = YES;
				CLANG_WARN_INFINITE_RECURSION = YES;
				CLANG_WARN_INT_CONVERSION = YES;
				CLANG_WARN_NON_LITERAL_NULL_CONVERSION = YES;
				CLANG_WARN_OBJC_IMPLICIT_RETAIN_SELF = YES;
				CLANG_WARN_OBJC_LITERAL_CONVERSION = YES;
				CLANG_WARN_OBJC_ROOT_CLASS = YES_ERROR;
				CLANG_WARN_QUOTED_INCLUDE_IN_FRAMEWORK_HEADER = YES;
				CLANG_WARN_RANGE_LOOP_ANALYSIS = YES;
				CLANG_WARN_STRICT_PROTOTYPES = YES;
				CLANG_WARN_SUSPICIOUS_MOVE = YES;
				CLANG_WARN_UNGUARDED_AVAILABILITY = YES_AGGRESSIVE;
				CLANG_WARN_UNREACHABLE_CODE = YES;
				CLANG_WARN__DUPLICATE_METHOD_MATCH = YES;
				COPY_PHASE_STRIP = NO;
				DEBUG_INFORMATION_FORMAT = dwarf;
				ENABLE_STRICT_OBJC_MSGSEND = YES;
				ENABLE_TESTABILITY = YES;
				GCC_C_LANGUAGE_STANDARD = gnu11;
				GCC_DYNAMIC_NO_PIC = NO;
				GCC_NO_COMMON_BLOCKS = YES;
				GCC_OPTIMIZATION_LEVEL = 0;
				GCC_PREPROCESSOR_DEFINITIONS = (
					"DEBUG=1",
					"$(inherited)",
				);
				GCC_WARN_64_TO_32_BIT_CONVERSION = YES;
				GCC_WARN_ABOUT_RETURN_TYPE = YES_ERROR;
				GCC_WARN_UNDECLARED_SELECTOR = YES;
				GCC_WARN_UNINITIALIZED_AUTOS = YES_AGGRESSIVE;
				GCC_WARN_UNUSED_FUNCTION = YES;
				GCC_WARN_UNUSED_VARIABLE = YES;
				IPHONEOS_DEPLOYMENT_TARGET = 15.0;
				MTL_ENABLE_DEBUG_INFO = INCLUDE_SOURCE;
				MTL_FAST_MATH = YES;
				ONLY_ACTIVE_ARCH = YES;
				SDKROOT = iphoneos;
				SWIFT_ACTIVE_COMPILATION_CONDITIONS = DEBUG;
				SWIFT_OPTIMIZATION_LEVEL = "-Onone";
			};
			name = Debug;
		};
		A8B785D027D8DF4F00EFFAB6 /* Release */ = {
			isa = XCBuildConfiguration;
			buildSettings = {
				ALWAYS_SEARCH_USER_PATHS = NO;
				CLANG_ANALYZER_NONNULL = YES;
				CLANG_ANALYZER_NUMBER_OBJECT_CONVERSION = YES_AGGRESSIVE;
				CLANG_CXX_LANGUAGE_STANDARD = "gnu++17";
				CLANG_CXX_LIBRARY = "libc++";
				CLANG_ENABLE_MODULES = YES;
				CLANG_ENABLE_OBJC_ARC = YES;
				CLANG_ENABLE_OBJC_WEAK = YES;
				CLANG_WARN_BLOCK_CAPTURE_AUTORELEASING = YES;
				CLANG_WARN_BOOL_CONVERSION = YES;
				CLANG_WARN_COMMA = YES;
				CLANG_WARN_CONSTANT_CONVERSION = YES;
				CLANG_WARN_DEPRECATED_OBJC_IMPLEMENTATIONS = YES;
				CLANG_WARN_DIRECT_OBJC_ISA_USAGE = YES_ERROR;
				CLANG_WARN_DOCUMENTATION_COMMENTS = YES;
				CLANG_WARN_EMPTY_BODY = YES;
				CLANG_WARN_ENUM_CONVERSION = YES;
				CLANG_WARN_INFINITE_RECURSION = YES;
				CLANG_WARN_INT_CONVERSION = YES;
				CLANG_WARN_NON_LITERAL_NULL_CONVERSION = YES;
				CLANG_WARN_OBJC_IMPLICIT_RETAIN_SELF = YES;
				CLANG_WARN_OBJC_LITERAL_CONVERSION = YES;
				CLANG_WARN_OBJC_ROOT_CLASS = YES_ERROR;
				CLANG_WARN_QUOTED_INCLUDE_IN_FRAMEWORK_HEADER = YES;
				CLANG_WARN_RANGE_LOOP_ANALYSIS = YES;
				CLANG_WARN_STRICT_PROTOTYPES = YES;
				CLANG_WARN_SUSPICIOUS_MOVE = YES;
				CLANG_WARN_UNGUARDED_AVAILABILITY = YES_AGGRESSIVE;
				CLANG_WARN_UNREACHABLE_CODE = YES;
				CLANG_WARN__DUPLICATE_METHOD_MATCH = YES;
				COPY_PHASE_STRIP = NO;
				DEBUG_INFORMATION_FORMAT = "dwarf-with-dsym";
				ENABLE_NS_ASSERTIONS = NO;
				ENABLE_STRICT_OBJC_MSGSEND = YES;
				GCC_C_LANGUAGE_STANDARD = gnu11;
				GCC_NO_COMMON_BLOCKS = YES;
				GCC_WARN_64_TO_32_BIT_CONVERSION = YES;
				GCC_WARN_ABOUT_RETURN_TYPE = YES_ERROR;
				GCC_WARN_UNDECLARED_SELECTOR = YES;
				GCC_WARN_UNINITIALIZED_AUTOS = YES_AGGRESSIVE;
				GCC_WARN_UNUSED_FUNCTION = YES;
				GCC_WARN_UNUSED_VARIABLE = YES;
				IPHONEOS_DEPLOYMENT_TARGET = 15.0;
				MTL_ENABLE_DEBUG_INFO = NO;
				MTL_FAST_MATH = YES;
				SDKROOT = iphoneos;
				SWIFT_COMPILATION_MODE = wholemodule;
				SWIFT_OPTIMIZATION_LEVEL = "-O";
				VALIDATE_PRODUCT = YES;
			};
			name = Release;
		};
		A8B785D227D8DF4F00EFFAB6 /* Debug */ = {
			isa = XCBuildConfiguration;
			baseConfigurationReference = 9681B193B904E1368BCAAFBD /* Pods-nativeMqtt.debug.xcconfig */;
			buildSettings = {
				ASSETCATALOG_COMPILER_APPICON_NAME = AppIcon;
				ASSETCATALOG_COMPILER_GLOBAL_ACCENT_COLOR_NAME = AccentColor;
				CODE_SIGN_STYLE = Automatic;
				CURRENT_PROJECT_VERSION = 1;
				DEVELOPMENT_ASSET_PATHS = "\"nativeMqtt/Preview Content\"";
				DEVELOPMENT_TEAM = 5G2GXYKHB4;
				ENABLE_PREVIEWS = YES;
				GENERATE_INFOPLIST_FILE = YES;
				INFOPLIST_KEY_UIApplicationSceneManifest_Generation = YES;
				INFOPLIST_KEY_UIApplicationSupportsIndirectInputEvents = YES;
				INFOPLIST_KEY_UILaunchScreen_Generation = YES;
				INFOPLIST_KEY_UISupportedInterfaceOrientations_iPad = "UIInterfaceOrientationPortrait UIInterfaceOrientationPortraitUpsideDown UIInterfaceOrientationLandscapeLeft UIInterfaceOrientationLandscapeRight";
				INFOPLIST_KEY_UISupportedInterfaceOrientations_iPhone = "UIInterfaceOrientationPortrait UIInterfaceOrientationLandscapeLeft UIInterfaceOrientationLandscapeRight";
				LD_RUNPATH_SEARCH_PATHS = (
					"$(inherited)",
					"@executable_path/Frameworks",
				);
				MARKETING_VERSION = 1.0;
				PRODUCT_BUNDLE_IDENTIFIER = sweesen.nativeMqtt;
				PRODUCT_NAME = "$(TARGET_NAME)";
				SWIFT_EMIT_LOC_STRINGS = YES;
				SWIFT_VERSION = 5.0;
				TARGETED_DEVICE_FAMILY = "1,2";
			};
			name = Debug;
		};
		A8B785D327D8DF4F00EFFAB6 /* Release */ = {
			isa = XCBuildConfiguration;
			baseConfigurationReference = F4E59F8D3DE505F8FFAA5DFF /* Pods-nativeMqtt.release.xcconfig */;
			buildSettings = {
				ASSETCATALOG_COMPILER_APPICON_NAME = AppIcon;
				ASSETCATALOG_COMPILER_GLOBAL_ACCENT_COLOR_NAME = AccentColor;
				CODE_SIGN_STYLE = Automatic;
				CURRENT_PROJECT_VERSION = 1;
				DEVELOPMENT_ASSET_PATHS = "\"nativeMqtt/Preview Content\"";
				DEVELOPMENT_TEAM = 5G2GXYKHB4;
				ENABLE_PREVIEWS = YES;
				GENERATE_INFOPLIST_FILE = YES;
				INFOPLIST_KEY_UIApplicationSceneManifest_Generation = YES;
				INFOPLIST_KEY_UIApplicationSupportsIndirectInputEvents = YES;
				INFOPLIST_KEY_UILaunchScreen_Generation = YES;
				INFOPLIST_KEY_UISupportedInterfaceOrientations_iPad = "UIInterfaceOrientationPortrait UIInterfaceOrientationPortraitUpsideDown UIInterfaceOrientationLandscapeLeft UIInterfaceOrientationLandscapeRight";
				INFOPLIST_KEY_UISupportedInterfaceOrientations_iPhone = "UIInterfaceOrientationPortrait UIInterfaceOrientationLandscapeLeft UIInterfaceOrientationLandscapeRight";
				LD_RUNPATH_SEARCH_PATHS = (
					"$(inherited)",
					"@executable_path/Frameworks",
				);
				MARKETING_VERSION = 1.0;
				PRODUCT_BUNDLE_IDENTIFIER = sweesen.nativeMqtt;
				PRODUCT_NAME = "$(TARGET_NAME)";
				SWIFT_EMIT_LOC_STRINGS = YES;
				SWIFT_VERSION = 5.0;
				TARGETED_DEVICE_FAMILY = "1,2";
			};
			name = Release;
		};
		A8B785D527D8DF4F00EFFAB6 /* Debug */ = {
			isa = XCBuildConfiguration;
			baseConfigurationReference = EC362BC5ED43BD8ADC91F20A /* Pods-nativeMqttTests.debug.xcconfig */;
			buildSettings = {
				ALWAYS_EMBED_SWIFT_STANDARD_LIBRARIES = YES;
				BUNDLE_LOADER = "$(TEST_HOST)";
				CODE_SIGN_STYLE = Automatic;
				CURRENT_PROJECT_VERSION = 1;
				DEVELOPMENT_TEAM = 5G2GXYKHB4;
				GENERATE_INFOPLIST_FILE = YES;
				IPHONEOS_DEPLOYMENT_TARGET = 15.0;
				LD_RUNPATH_SEARCH_PATHS = (
					"$(inherited)",
					"@executable_path/Frameworks",
					"@loader_path/Frameworks",
				);
				MARKETING_VERSION = 1.0;
				PRODUCT_BUNDLE_IDENTIFIER = sweesen.nativeMqttTests;
				PRODUCT_NAME = "$(TARGET_NAME)";
				SWIFT_EMIT_LOC_STRINGS = NO;
				SWIFT_VERSION = 5.0;
				TARGETED_DEVICE_FAMILY = "1,2";
				TEST_HOST = "$(BUILT_PRODUCTS_DIR)/nativeMqtt.app/nativeMqtt";
			};
			name = Debug;
		};
		A8B785D627D8DF4F00EFFAB6 /* Release */ = {
			isa = XCBuildConfiguration;
			baseConfigurationReference = F3DFE54A11667971ACB23E91 /* Pods-nativeMqttTests.release.xcconfig */;
			buildSettings = {
				ALWAYS_EMBED_SWIFT_STANDARD_LIBRARIES = YES;
				BUNDLE_LOADER = "$(TEST_HOST)";
				CODE_SIGN_STYLE = Automatic;
				CURRENT_PROJECT_VERSION = 1;
				DEVELOPMENT_TEAM = 5G2GXYKHB4;
				GENERATE_INFOPLIST_FILE = YES;
				IPHONEOS_DEPLOYMENT_TARGET = 15.0;
				LD_RUNPATH_SEARCH_PATHS = (
					"$(inherited)",
					"@executable_path/Frameworks",
					"@loader_path/Frameworks",
				);
				MARKETING_VERSION = 1.0;
				PRODUCT_BUNDLE_IDENTIFIER = sweesen.nativeMqttTests;
				PRODUCT_NAME = "$(TARGET_NAME)";
				SWIFT_EMIT_LOC_STRINGS = NO;
				SWIFT_VERSION = 5.0;
				TARGETED_DEVICE_FAMILY = "1,2";
				TEST_HOST = "$(BUILT_PRODUCTS_DIR)/nativeMqtt.app/nativeMqtt";
			};
			name = Release;
		};
		A8B785D827D8DF4F00EFFAB6 /* Debug */ = {
			isa = XCBuildConfiguration;
			baseConfigurationReference = 7EA9B59984190D61ACE5BDE5 /* Pods-nativeMqtt-nativeMqttUITests.debug.xcconfig */;
			buildSettings = {
				ALWAYS_EMBED_SWIFT_STANDARD_LIBRARIES = YES;
				CODE_SIGN_STYLE = Automatic;
				CURRENT_PROJECT_VERSION = 1;
				DEVELOPMENT_TEAM = 5G2GXYKHB4;
				GENERATE_INFOPLIST_FILE = YES;
				LD_RUNPATH_SEARCH_PATHS = (
					"$(inherited)",
					"@executable_path/Frameworks",
					"@loader_path/Frameworks",
				);
				MARKETING_VERSION = 1.0;
				PRODUCT_BUNDLE_IDENTIFIER = sweesen.nativeMqttUITests;
				PRODUCT_NAME = "$(TARGET_NAME)";
				SWIFT_EMIT_LOC_STRINGS = NO;
				SWIFT_VERSION = 5.0;
				TARGETED_DEVICE_FAMILY = "1,2";
				TEST_TARGET_NAME = nativeMqtt;
			};
			name = Debug;
		};
		A8B785D927D8DF4F00EFFAB6 /* Release */ = {
			isa = XCBuildConfiguration;
			baseConfigurationReference = 93AB16BB4991D9951A0F148D /* Pods-nativeMqtt-nativeMqttUITests.release.xcconfig */;
			buildSettings = {
				ALWAYS_EMBED_SWIFT_STANDARD_LIBRARIES = YES;
				CODE_SIGN_STYLE = Automatic;
				CURRENT_PROJECT_VERSION = 1;
				DEVELOPMENT_TEAM = 5G2GXYKHB4;
				GENERATE_INFOPLIST_FILE = YES;
				LD_RUNPATH_SEARCH_PATHS = (
					"$(inherited)",
					"@executable_path/Frameworks",
					"@loader_path/Frameworks",
				);
				MARKETING_VERSION = 1.0;
				PRODUCT_BUNDLE_IDENTIFIER = sweesen.nativeMqttUITests;
				PRODUCT_NAME = "$(TARGET_NAME)";
				SWIFT_EMIT_LOC_STRINGS = NO;
				SWIFT_VERSION = 5.0;
				TARGETED_DEVICE_FAMILY = "1,2";
				TEST_TARGET_NAME = nativeMqtt;
			};
			name = Release;
		};
/* End XCBuildConfiguration section */

/* Begin XCConfigurationList section */
		A8B785A827D8DF4000EFFAB6 /* Build configuration list for PBXProject "nativeMqtt" */ = {
			isa = XCConfigurationList;
			buildConfigurations = (
				A8B785CF27D8DF4F00EFFAB6 /* Debug */,
				A8B785D027D8DF4F00EFFAB6 /* Release */,
			);
			defaultConfigurationIsVisible = 0;
			defaultConfigurationName = Release;
		};
		A8B785D127D8DF4F00EFFAB6 /* Build configuration list for PBXNativeTarget "nativeMqtt" */ = {
			isa = XCConfigurationList;
			buildConfigurations = (
				A8B785D227D8DF4F00EFFAB6 /* Debug */,
				A8B785D327D8DF4F00EFFAB6 /* Release */,
			);
			defaultConfigurationIsVisible = 0;
			defaultConfigurationName = Release;
		};
		A8B785D427D8DF4F00EFFAB6 /* Build configuration list for PBXNativeTarget "nativeMqttTests" */ = {
			isa = XCConfigurationList;
			buildConfigurations = (
				A8B785D527D8DF4F00EFFAB6 /* Debug */,
				A8B785D627D8DF4F00EFFAB6 /* Release */,
			);
			defaultConfigurationIsVisible = 0;
			defaultConfigurationName = Release;
		};
		A8B785D727D8DF4F00EFFAB6 /* Build configuration list for PBXNativeTarget "nativeMqttUITests" */ = {
			isa = XCConfigurationList;
			buildConfigurations = (
				A8B785D827D8DF4F00EFFAB6 /* Debug */,
				A8B785D927D8DF4F00EFFAB6 /* Release */,
			);
			defaultConfigurationIsVisible = 0;
			defaultConfigurationName = Release;
		};
/* End XCConfigurationList section */
	};
	rootObject = A8B785A527D8DF4000EFFAB6 /* Project object */;
}
