{
  "pins" : [
    {
      "identity" : "cryptoswift",
      "kind" : "remoteSourceControl",
      "location" : "https://github.com/krzyzanowskim/CryptoSwift",
      "state" : {
        "revision" : "039f56c5d7960f277087a0be51f5eb04ed0ec073",
        "version" : "1.5.1"
      }
    },
    {
      "identity" : "mqtt-nio",
      "kind" : "remoteSourceControl",
      "location" : "https://github.com/swift-server-community/mqtt-nio.git",
      "state" : {
        "revision" : "3f0efa5908cedcc6c23ac37184b3d9f01d529a1a",
        "version" : "2.5.2"
      }
    },
    {
      "identity" : "swift-log",
      "kind" : "remoteSourceControl",
      "location" : "https://github.com/apple/swift-log.git",
      "state" : {
        "revision" : "5d66f7ba25daf4f94100e7022febf3c75e37a6c7",
        "version" : "1.4.2"
      }
    },
    {
      "identity" : "swift-nio",
      "kind" : "remoteSourceControl",
      "location" : "https://github.com/apple/swift-nio.git",
      "state" : {
        "revision" : "124119f0bb12384cef35aa041d7c3a686108722d",
        "version" : "2.40.0"
      }
    },
    {
      "identity" : "swift-nio-ssl",
      "kind" : "remoteSourceControl",
      "location" : "https://github.com/apple/swift-nio-ssl.git",
      "state" : {
        "revision" : "c30c680c78c99afdabf84805a83c8745387c4ac7",
        "version" : "2.20.2"
      }
    },
    {
      "identity" : "swift-nio-transport-services",
      "kind" : "remoteSourceControl",
      "location" : "https://github.com/apple/swift-nio-transport-services.git",
      "state" : {
        "revision" : "2cb54f91ddafc90832c5fa247faf5798d0a7c204",
        "version" : "1.13.0"
      }
    },
    {
      "identity" : "swiftyrsa",
      "kind" : "remoteSourceControl",
      "location" : "https://github.com/songtao046/SwiftyRSA",
      "state" : {
        "revision" : "47d7cbc36f4429c5f01efed97c1b45611c587d83",
        "version" : "1.0.0"
      }
    }
  ],
  "version" : 2
}
